// !$*UTF8*$!
{
	archiveVersion = 1;
	classes = {
	};
	objectVersion = 46;
	objects = {

/* Begin PBXBuildFile section */
		A67DBE6E18E557AF00E71246 /* Foundation.framework in Frameworks */ = {isa = PBXBuildFile; fileRef = A67DBE6D18E557AF00E71246 /* Foundation.framework */; };
		A67DBE7018E557AF00E71246 /* CoreGraphics.framework in Frameworks */ = {isa = PBXBuildFile; fileRef = A67DBE6F18E557AF00E71246 /* CoreGraphics.framework */; };
		A67DBE7218E557AF00E71246 /* UIKit.framework in Frameworks */ = {isa = PBXBuildFile; fileRef = A67DBE7118E557AF00E71246 /* UIKit.framework */; };
		A67DBE7818E557AF00E71246 /* InfoPlist.strings in Resources */ = {isa = PBXBuildFile; fileRef = A67DBE7618E557AF00E71246 /* InfoPlist.strings */; };
		A67DBE7A18E557AF00E71246 /* main.m in Sources */ = {isa = PBXBuildFile; fileRef = A67DBE7918E557AF00E71246 /* main.m */; };
		A67DBE7E18E557AF00E71246 /* TRAppDelegate.m in Sources */ = {isa = PBXBuildFile; fileRef = A67DBE7D18E557AF00E71246 /* TRAppDelegate.m */; };
		A67DBE8118E557AF00E71246 /* Main.storyboard in Resources */ = {isa = PBXBuildFile; fileRef = A67DBE7F18E557AF00E71246 /* Main.storyboard */; };
		A67DBE8418E557AF00E71246 /* TRViewController.m in Sources */ = {isa = PBXBuildFile; fileRef = A67DBE8318E557AF00E71246 /* TRViewController.m */; };
		A67DBE8618E557AF00E71246 /* Images.xcassets in Resources */ = {isa = PBXBuildFile; fileRef = A67DBE8518E557AF00E71246 /* Images.xcassets */; };
		A67DBE8D18E557AF00E71246 /* XCTest.framework in Frameworks */ = {isa = PBXBuildFile; fileRef = A67DBE8C18E557AF00E71246 /* XCTest.framework */; };
		A67DBE8E18E557AF00E71246 /* Foundation.framework in Frameworks */ = {isa = PBXBuildFile; fileRef = A67DBE6D18E557AF00E71246 /* Foundation.framework */; };
		A67DBE8F18E557AF00E71246 /* UIKit.framework in Frameworks */ = {isa = PBXBuildFile; fileRef = A67DBE7118E557AF00E71246 /* UIKit.framework */; };
		A67DBE9718E557AF00E71246 /* InfoPlist.strings in Resources */ = {isa = PBXBuildFile; fileRef = A67DBE9518E557AF00E71246 /* InfoPlist.strings */; };
		A67DBE9918E557AF00E71246 /* RapperTests.m in Sources */ = {isa = PBXBuildFile; fileRef = A67DBE9818E557AF00E71246 /* RapperTests.m */; };
		A67DBEA618E5582700E71246 /* BaseViewController.m in Sources */ = {isa = PBXBuildFile; fileRef = A67DBEA518E5582700E71246 /* BaseViewController.m */; };
		A6893526191275E90006B1C0 /* TRPreRecordingViewController.m in Sources */ = {isa = PBXBuildFile; fileRef = A6893525191275E90006B1C0 /* TRPreRecordingViewController.m */; };
		A6893529191278520006B1C0 /* RAPPR_SampleTrack.mp3 in Resources */ = {isa = PBXBuildFile; fileRef = A6893528191278520006B1C0 /* RAPPR_SampleTrack.mp3 */; };
		A689352B191278700006B1C0 /* AVFoundation.framework in Frameworks */ = {isa = PBXBuildFile; fileRef = A689352A191278700006B1C0 /* AVFoundation.framework */; };
		A68C60B1199A5C1200F256CB /* TRMixierManager.m in Sources */ = {isa = PBXBuildFile; fileRef = A68C60B0199A5C1200F256CB /* TRMixierManager.m */; };
		A68C60B3199A5C5400F256CB /* AudioToolbox.framework in Frameworks */ = {isa = PBXBuildFile; fileRef = A68C60B2199A5C5400F256CB /* AudioToolbox.framework */; };
		A6ABB27C1927745A00F70A6D /* TRRapListViewController.m in Sources */ = {isa = PBXBuildFile; fileRef = A6ABB27B1927745A00F70A6D /* TRRapListViewController.m */; };
		A6E79586191DF4E2006CEFC7 /* TRRecordingViewController.m in Sources */ = {isa = PBXBuildFile; fileRef = A6E79585191DF4E2006CEFC7 /* TRRecordingViewController.m */; };
		A6E79589191FBA15006CEFC7 /* TREditRecordingViewController.m in Sources */ = {isa = PBXBuildFile; fileRef = A6E79588191FBA15006CEFC7 /* TREditRecordingViewController.m */; };
/* End PBXBuildFile section */

/* Begin PBXContainerItemProxy section */
		A67DBE9018E557AF00E71246 /* PBXContainerItemProxy */ = {
			isa = PBXContainerItemProxy;
			containerPortal = A67DBE6218E557AF00E71246 /* Project object */;
			proxyType = 1;
			remoteGlobalIDString = A67DBE6918E557AF00E71246;
			remoteInfo = Rapper;
		};
/* End PBXContainerItemProxy section */

/* Begin PBXFileReference section */
		A67DBE6A18E557AF00E71246 /* Rapper.app */ = {isa = PBXFileReference; explicitFileType = wrapper.application; includeInIndex = 0; path = Rapper.app; sourceTree = BUILT_PRODUCTS_DIR; };
		A67DBE6D18E557AF00E71246 /* Foundation.framework */ = {isa = PBXFileReference; lastKnownFileType = wrapper.framework; name = Foundation.framework; path = System/Library/Frameworks/Foundation.framework; sourceTree = SDKROOT; };
		A67DBE6F18E557AF00E71246 /* CoreGraphics.framework */ = {isa = PBXFileReference; lastKnownFileType = wrapper.framework; name = CoreGraphics.framework; path = System/Library/Frameworks/CoreGraphics.framework; sourceTree = SDKROOT; };
		A67DBE7118E557AF00E71246 /* UIKit.framework */ = {isa = PBXFileReference; lastKnownFileType = wrapper.framework; name = UIKit.framework; path = System/Library/Frameworks/UIKit.framework; sourceTree = SDKROOT; };
		A67DBE7518E557AF00E71246 /* Rapper-Info.plist */ = {isa = PBXFileReference; lastKnownFileType = text.plist.xml; path = "Rapper-Info.plist"; sourceTree = "<group>"; };
		A67DBE7718E557AF00E71246 /* en */ = {isa = PBXFileReference; lastKnownFileType = text.plist.strings; name = en; path = en.lproj/InfoPlist.strings; sourceTree = "<group>"; };
		A67DBE7918E557AF00E71246 /* main.m */ = {isa = PBXFileReference; lastKnownFileType = sourcecode.c.objc; path = main.m; sourceTree = "<group>"; };
		A67DBE7B18E557AF00E71246 /* Rapper-Prefix.pch */ = {isa = PBXFileReference; lastKnownFileType = sourcecode.c.h; path = "Rapper-Prefix.pch"; sourceTree = "<group>"; };
		A67DBE7C18E557AF00E71246 /* TRAppDelegate.h */ = {isa = PBXFileReference; lastKnownFileType = sourcecode.c.h; path = TRAppDelegate.h; sourceTree = "<group>"; };
		A67DBE7D18E557AF00E71246 /* TRAppDelegate.m */ = {isa = PBXFileReference; lastKnownFileType = sourcecode.c.objc; path = TRAppDelegate.m; sourceTree = "<group>"; };
		A67DBE8018E557AF00E71246 /* Base */ = {isa = PBXFileReference; lastKnownFileType = file.storyboard; name = Base; path = Base.lproj/Main.storyboard; sourceTree = "<group>"; };
		A67DBE8218E557AF00E71246 /* TRViewController.h */ = {isa = PBXFileReference; lastKnownFileType = sourcecode.c.h; path = TRViewController.h; sourceTree = "<group>"; };
		A67DBE8318E557AF00E71246 /* TRViewController.m */ = {isa = PBXFileReference; lastKnownFileType = sourcecode.c.objc; path = TRViewController.m; sourceTree = "<group>"; };
		A67DBE8518E557AF00E71246 /* Images.xcassets */ = {isa = PBXFileReference; lastKnownFileType = folder.assetcatalog; path = Images.xcassets; sourceTree = "<group>"; };
		A67DBE8B18E557AF00E71246 /* RapperTests.xctest */ = {isa = PBXFileReference; explicitFileType = wrapper.cfbundle; includeInIndex = 0; path = RapperTests.xctest; sourceTree = BUILT_PRODUCTS_DIR; };
		A67DBE8C18E557AF00E71246 /* XCTest.framework */ = {isa = PBXFileReference; lastKnownFileType = wrapper.framework; name = XCTest.framework; path = Library/Frameworks/XCTest.framework; sourceTree = DEVELOPER_DIR; };
		A67DBE9418E557AF00E71246 /* RapperTests-Info.plist */ = {isa = PBXFileReference; lastKnownFileType = text.plist.xml; path = "RapperTests-Info.plist"; sourceTree = "<group>"; };
		A67DBE9618E557AF00E71246 /* en */ = {isa = PBXFileReference; lastKnownFileType = text.plist.strings; name = en; path = en.lproj/InfoPlist.strings; sourceTree = "<group>"; };
		A67DBE9818E557AF00E71246 /* RapperTests.m */ = {isa = PBXFileReference; lastKnownFileType = sourcecode.c.objc; path = RapperTests.m; sourceTree = "<group>"; };
		A67DBEA418E5582700E71246 /* BaseViewController.h */ = {isa = PBXFileReference; fileEncoding = 4; lastKnownFileType = sourcecode.c.h; path = BaseViewController.h; sourceTree = "<group>"; };
		A67DBEA518E5582700E71246 /* BaseViewController.m */ = {isa = PBXFileReference; fileEncoding = 4; lastKnownFileType = sourcecode.c.objc; path = BaseViewController.m; sourceTree = "<group>"; };
		A6893524191275E90006B1C0 /* TRPreRecordingViewController.h */ = {isa = PBXFileReference; fileEncoding = 4; lastKnownFileType = sourcecode.c.h; path = TRPreRecordingViewController.h; sourceTree = "<group>"; };
		A6893525191275E90006B1C0 /* TRPreRecordingViewController.m */ = {isa = PBXFileReference; fileEncoding = 4; lastKnownFileType = sourcecode.c.objc; path = TRPreRecordingViewController.m; sourceTree = "<group>"; };
		A6893528191278520006B1C0 /* RAPPR_SampleTrack.mp3 */ = {isa = PBXFileReference; lastKnownFileType = audio.mp3; path = RAPPR_SampleTrack.mp3; sourceTree = "<group>"; };
		A689352A191278700006B1C0 /* AVFoundation.framework */ = {isa = PBXFileReference; lastKnownFileType = wrapper.framework; name = AVFoundation.framework; path = System/Library/Frameworks/AVFoundation.framework; sourceTree = SDKROOT; };
		A68C60AF199A5C1200F256CB /* TRMixierManager.h */ = {isa = PBXFileReference; fileEncoding = 4; lastKnownFileType = sourcecode.c.h; path = TRMixierManager.h; sourceTree = "<group>"; };
		A68C60B0199A5C1200F256CB /* TRMixierManager.m */ = {isa = PBXFileReference; fileEncoding = 4; lastKnownFileType = sourcecode.c.objc; path = TRMixierManager.m; sourceTree = "<group>"; };
		A68C60B2199A5C5400F256CB /* AudioToolbox.framework */ = {isa = PBXFileReference; lastKnownFileType = wrapper.framework; name = AudioToolbox.framework; path = System/Library/Frameworks/AudioToolbox.framework; sourceTree = SDKROOT; };
		A6ABB27A1927745A00F70A6D /* TRRapListViewController.h */ = {isa = PBXFileReference; fileEncoding = 4; lastKnownFileType = sourcecode.c.h; path = TRRapListViewController.h; sourceTree = "<group>"; };
		A6ABB27B1927745A00F70A6D /* TRRapListViewController.m */ = {isa = PBXFileReference; fileEncoding = 4; lastKnownFileType = sourcecode.c.objc; path = TRRapListViewController.m; sourceTree = "<group>"; };
		A6E79584191DF4E2006CEFC7 /* TRRecordingViewController.h */ = {isa = PBXFileReference; fileEncoding = 4; lastKnownFileType = sourcecode.c.h; path = TRRecordingViewController.h; sourceTree = "<group>"; };
		A6E79585191DF4E2006CEFC7 /* TRRecordingViewController.m */ = {isa = PBXFileReference; fileEncoding = 4; lastKnownFileType = sourcecode.c.objc; path = TRRecordingViewController.m; sourceTree = "<group>"; };
		A6E79587191FBA15006CEFC7 /* TREditRecordingViewController.h */ = {isa = PBXFileReference; fileEncoding = 4; lastKnownFileType = sourcecode.c.h; path = TREditRecordingViewController.h; sourceTree = "<group>"; };
		A6E79588191FBA15006CEFC7 /* TREditRecordingViewController.m */ = {isa = PBXFileReference; fileEncoding = 4; lastKnownFileType = sourcecode.c.objc; path = TREditRecordingViewController.m; sourceTree = "<group>"; };
/* End PBXFileReference section */

/* Begin PBXFrameworksBuildPhase section */
		A67DBE6718E557AF00E71246 /* Frameworks */ = {
			isa = PBXFrameworksBuildPhase;
			buildActionMask = 2147483647;
			files = (
				A68C60B3199A5C5400F256CB /* AudioToolbox.framework in Frameworks */,
				A689352B191278700006B1C0 /* AVFoundation.framework in Frameworks */,
				A67DBE7018E557AF00E71246 /* CoreGraphics.framework in Frameworks */,
				A67DBE7218E557AF00E71246 /* UIKit.framework in Frameworks */,
				A67DBE6E18E557AF00E71246 /* Foundation.framework in Frameworks */,
			);
			runOnlyForDeploymentPostprocessing = 0;
		};
		A67DBE8818E557AF00E71246 /* Frameworks */ = {
			isa = PBXFrameworksBuildPhase;
			buildActionMask = 2147483647;
			files = (
				A67DBE8D18E557AF00E71246 /* XCTest.framework in Frameworks */,
				A67DBE8F18E557AF00E71246 /* UIKit.framework in Frameworks */,
				A67DBE8E18E557AF00E71246 /* Foundation.framework in Frameworks */,
			);
			runOnlyForDeploymentPostprocessing = 0;
		};
/* End PBXFrameworksBuildPhase section */

/* Begin PBXGroup section */
		A67DBE6118E557AF00E71246 = {
			isa = PBXGroup;
			children = (
				A67DBE7318E557AF00E71246 /* Rapper */,
				A67DBE9218E557AF00E71246 /* RapperTests */,
				A67DBE6C18E557AF00E71246 /* Frameworks */,
				A67DBE6B18E557AF00E71246 /* Products */,
			);
			sourceTree = "<group>";
		};
		A67DBE6B18E557AF00E71246 /* Products */ = {
			isa = PBXGroup;
			children = (
				A67DBE6A18E557AF00E71246 /* Rapper.app */,
				A67DBE8B18E557AF00E71246 /* RapperTests.xctest */,
			);
			name = Products;
			sourceTree = "<group>";
		};
		A67DBE6C18E557AF00E71246 /* Frameworks */ = {
			isa = PBXGroup;
			children = (
				A68C60B2199A5C5400F256CB /* AudioToolbox.framework */,
				A689352A191278700006B1C0 /* AVFoundation.framework */,
				A67DBE6D18E557AF00E71246 /* Foundation.framework */,
				A67DBE6F18E557AF00E71246 /* CoreGraphics.framework */,
				A67DBE7118E557AF00E71246 /* UIKit.framework */,
				A67DBE8C18E557AF00E71246 /* XCTest.framework */,
			);
			name = Frameworks;
			sourceTree = "<group>";
		};
		A67DBE7318E557AF00E71246 /* Rapper */ = {
			isa = PBXGroup;
			children = (
				A68C60AE199A5A8500F256CB /* Manager */,
				A6893527191277FE0006B1C0 /* Resources */,
				A6893523191275890006B1C0 /* ViewController */,
				A67DBEA218E557E900E71246 /* BaseViewController */,
				A67DBE7C18E557AF00E71246 /* TRAppDelegate.h */,
				A67DBE7D18E557AF00E71246 /* TRAppDelegate.m */,
				A67DBE7F18E557AF00E71246 /* Main.storyboard */,
				A67DBE8218E557AF00E71246 /* TRViewController.h */,
				A67DBE8318E557AF00E71246 /* TRViewController.m */,
				A67DBE8518E557AF00E71246 /* Images.xcassets */,
				A67DBE7418E557AF00E71246 /* Supporting Files */,
			);
			path = Rapper;
			sourceTree = "<group>";
		};
		A67DBE7418E557AF00E71246 /* Supporting Files */ = {
			isa = PBXGroup;
			children = (
				A67DBE7518E557AF00E71246 /* Rapper-Info.plist */,
				A67DBE7618E557AF00E71246 /* InfoPlist.strings */,
				A67DBE7918E557AF00E71246 /* main.m */,
				A67DBE7B18E557AF00E71246 /* Rapper-Prefix.pch */,
			);
			name = "Supporting Files";
			sourceTree = "<group>";
		};
		A67DBE9218E557AF00E71246 /* RapperTests */ = {
			isa = PBXGroup;
			children = (
				A67DBE9818E557AF00E71246 /* RapperTests.m */,
				A67DBE9318E557AF00E71246 /* Supporting Files */,
			);
			path = RapperTests;
			sourceTree = "<group>";
		};
		A67DBE9318E557AF00E71246 /* Supporting Files */ = {
			isa = PBXGroup;
			children = (
				A67DBE9418E557AF00E71246 /* RapperTests-Info.plist */,
				A67DBE9518E557AF00E71246 /* InfoPlist.strings */,
			);
			name = "Supporting Files";
			sourceTree = "<group>";
		};
		A67DBEA218E557E900E71246 /* BaseViewController */ = {
			isa = PBXGroup;
			children = (
				A67DBEA418E5582700E71246 /* BaseViewController.h */,
				A67DBEA518E5582700E71246 /* BaseViewController.m */,
			);
			path = BaseViewController;
			sourceTree = "<group>";
		};
		A6893523191275890006B1C0 /* ViewController */ = {
			isa = PBXGroup;
			children = (
				A6893524191275E90006B1C0 /* TRPreRecordingViewController.h */,
				A6893525191275E90006B1C0 /* TRPreRecordingViewController.m */,
				A6E79584191DF4E2006CEFC7 /* TRRecordingViewController.h */,
				A6E79585191DF4E2006CEFC7 /* TRRecordingViewController.m */,
				A6E79587191FBA15006CEFC7 /* TREditRecordingViewController.h */,
				A6E79588191FBA15006CEFC7 /* TREditRecordingViewController.m */,
				A6ABB27A1927745A00F70A6D /* TRRapListViewController.h */,
				A6ABB27B1927745A00F70A6D /* TRRapListViewController.m */,
			);
			path = ViewController;
			sourceTree = "<group>";
		};
		A6893527191277FE0006B1C0 /* Resources */ = {
			isa = PBXGroup;
			children = (
				A6893528191278520006B1C0 /* RAPPR_SampleTrack.mp3 */,
			);
			name = Resources;
			sourceTree = "<group>";
		};
		A68C60AE199A5A8500F256CB /* Manager */ = {
			isa = PBXGroup;
			children = (
				A68C60AF199A5C1200F256CB /* TRMixierManager.h */,
				A68C60B0199A5C1200F256CB /* TRMixierManager.m */,
			);
			path = Manager;
			sourceTree = "<group>";
		};
/* End PBXGroup section */

/* Begin PBXNativeTarget section */
		A67DBE6918E557AF00E71246 /* Rapper */ = {
			isa = PBXNativeTarget;
			buildConfigurationList = A67DBE9C18E557AF00E71246 /* Build configuration list for PBXNativeTarget "Rapper" */;
			buildPhases = (
				A67DBE6618E557AF00E71246 /* Sources */,
				A67DBE6718E557AF00E71246 /* Frameworks */,
				A67DBE6818E557AF00E71246 /* Resources */,
			);
			buildRules = (
			);
			dependencies = (
			);
			name = Rapper;
			productName = Rapper;
			productReference = A67DBE6A18E557AF00E71246 /* Rapper.app */;
			productType = "com.apple.product-type.application";
		};
		A67DBE8A18E557AF00E71246 /* RapperTests */ = {
			isa = PBXNativeTarget;
			buildConfigurationList = A67DBE9F18E557AF00E71246 /* Build configuration list for PBXNativeTarget "RapperTests" */;
			buildPhases = (
				A67DBE8718E557AF00E71246 /* Sources */,
				A67DBE8818E557AF00E71246 /* Frameworks */,
				A67DBE8918E557AF00E71246 /* Resources */,
			);
			buildRules = (
			);
			dependencies = (
				A67DBE9118E557AF00E71246 /* PBXTargetDependency */,
			);
			name = RapperTests;
			productName = RapperTests;
			productReference = A67DBE8B18E557AF00E71246 /* RapperTests.xctest */;
			productType = "com.apple.product-type.bundle.unit-test";
		};
/* End PBXNativeTarget section */

/* Begin PBXProject section */
		A67DBE6218E557AF00E71246 /* Project object */ = {
			isa = PBXProject;
			attributes = {
				CLASSPREFIX = TR;
				LastUpgradeCheck = 0510;
				ORGANIZATIONNAME = tolve;
				TargetAttributes = {
					A67DBE8A18E557AF00E71246 = {
						TestTargetID = A67DBE6918E557AF00E71246;
					};
				};
			};
			buildConfigurationList = A67DBE6518E557AF00E71246 /* Build configuration list for PBXProject "Rapper" */;
			compatibilityVersion = "Xcode 3.2";
			developmentRegion = English;
			hasScannedForEncodings = 0;
			knownRegions = (
				en,
				Base,
			);
			mainGroup = A67DBE6118E557AF00E71246;
			productRefGroup = A67DBE6B18E557AF00E71246 /* Products */;
			projectDirPath = "";
			projectRoot = "";
			targets = (
				A67DBE6918E557AF00E71246 /* Rapper */,
				A67DBE8A18E557AF00E71246 /* RapperTests */,
			);
		};
/* End PBXProject section */

/* Begin PBXResourcesBuildPhase section */
		A67DBE6818E557AF00E71246 /* Resources */ = {
			isa = PBXResourcesBuildPhase;
			buildActionMask = 2147483647;
			files = (
				A67DBE8618E557AF00E71246 /* Images.xcassets in Resources */,
				A67DBE7818E557AF00E71246 /* InfoPlist.strings in Resources */,
				A6893529191278520006B1C0 /* RAPPR_SampleTrack.mp3 in Resources */,
				A67DBE8118E557AF00E71246 /* Main.storyboard in Resources */,
			);
			runOnlyForDeploymentPostprocessing = 0;
		};
		A67DBE8918E557AF00E71246 /* Resources */ = {
			isa = PBXResourcesBuildPhase;
			buildActionMask = 2147483647;
			files = (
				A67DBE9718E557AF00E71246 /* InfoPlist.strings in Resources */,
			);
			runOnlyForDeploymentPostprocessing = 0;
		};
/* End PBXResourcesBuildPhase section */

/* Begin PBXSourcesBuildPhase section */
		A67DBE6618E557AF00E71246 /* Sources */ = {
			isa = PBXSourcesBuildPhase;
			buildActionMask = 2147483647;
			files = (
				A6ABB27C1927745A00F70A6D /* TRRapListViewController.m in Sources */,
				A67DBE7E18E557AF00E71246 /* TRAppDelegate.m in Sources */,
				A68C60B1199A5C1200F256CB /* TRMixierManager.m in Sources */,
				A6893526191275E90006B1C0 /* TRPreRecordingViewController.m in Sources */,
				A67DBEA618E5582700E71246 /* BaseViewController.m in Sources */,
				A6E79589191FBA15006CEFC7 /* TREditRecordingViewController.m in Sources */,
				A67DBE7A18E557AF00E71246 /* main.m in Sources */,
				A6E79586191DF4E2006CEFC7 /* TRRecordingViewController.m in Sources */,
				A67DBE8418E557AF00E71246 /* TRViewController.m in Sources */,
			);
			runOnlyForDeploymentPostprocessing = 0;
		};
		A67DBE8718E557AF00E71246 /* Sources */ = {
			isa = PBXSourcesBuildPhase;
			buildActionMask = 2147483647;
			files = (
				A67DBE9918E557AF00E71246 /* RapperTests.m in Sources */,
			);
			runOnlyForDeploymentPostprocessing = 0;
		};
/* End PBXSourcesBuildPhase section */

/* Begin PBXTargetDependency section */
		A67DBE9118E557AF00E71246 /* PBXTargetDependency */ = {
			isa = PBXTargetDependency;
			target = A67DBE6918E557AF00E71246 /* Rapper */;
			targetProxy = A67DBE9018E557AF00E71246 /* PBXContainerItemProxy */;
		};
/* End PBXTargetDependency section */

/* Begin PBXVariantGroup section */
		A67DBE7618E557AF00E71246 /* InfoPlist.strings */ = {
			isa = PBXVariantGroup;
			children = (
				A67DBE7718E557AF00E71246 /* en */,
			);
			name = InfoPlist.strings;
			sourceTree = "<group>";
		};
		A67DBE7F18E557AF00E71246 /* Main.storyboard */ = {
			isa = PBXVariantGroup;
			children = (
				A67DBE8018E557AF00E71246 /* Base */,
			);
			name = Main.storyboard;
			sourceTree = "<group>";
		};
		A67DBE9518E557AF00E71246 /* InfoPlist.strings */ = {
			isa = PBXVariantGroup;
			children = (
				A67DBE9618E557AF00E71246 /* en */,
			);
			name = InfoPlist.strings;
			sourceTree = "<group>";
		};
/* End PBXVariantGroup section */

/* Begin XCBuildConfiguration section */
		A67DBE9A18E557AF00E71246 /* Debug */ = {
			isa = XCBuildConfiguration;
			buildSettings = {
				ALWAYS_SEARCH_USER_PATHS = NO;
				CLANG_CXX_LANGUAGE_STANDARD = "gnu++0x";
				CLANG_CXX_LIBRARY = "libc++";
				CLANG_ENABLE_MODULES = YES;
				CLANG_ENABLE_OBJC_ARC = YES;
				CLANG_WARN_BOOL_CONVERSION = YES;
				CLANG_WARN_CONSTANT_CONVERSION = YES;
				CLANG_WARN_DIRECT_OBJC_ISA_USAGE = YES_ERROR;
				CLANG_WARN_EMPTY_BODY = YES;
				CLANG_WARN_ENUM_CONVERSION = YES;
				CLANG_WARN_INT_CONVERSION = YES;
				CLANG_WARN_OBJC_ROOT_CLASS = YES_ERROR;
				CLANG_WARN__DUPLICATE_METHOD_MATCH = YES;
				"CODE_SIGN_IDENTITY[sdk=iphoneos*]" = "iPhone Developer";
				COPY_PHASE_STRIP = NO;
				GCC_C_LANGUAGE_STANDARD = gnu99;
				GCC_DYNAMIC_NO_PIC = NO;
				GCC_OPTIMIZATION_LEVEL = 0;
				GCC_PREPROCESSOR_DEFINITIONS = (
					"DEBUG=1",
					"$(inherited)",
				);
				GCC_SYMBOLS_PRIVATE_EXTERN = NO;
				GCC_WARN_64_TO_32_BIT_CONVERSION = YES;
				GCC_WARN_ABOUT_RETURN_TYPE = YES_ERROR;
				GCC_WARN_UNDECLARED_SELECTOR = YES;
				GCC_WARN_UNINITIALIZED_AUTOS = YES_AGGRESSIVE;
				GCC_WARN_UNUSED_FUNCTION = YES;
				GCC_WARN_UNUSED_VARIABLE = YES;
				IPHONEOS_DEPLOYMENT_TARGET = 7.1;
				ONLY_ACTIVE_ARCH = YES;
				SDKROOT = iphoneos;
			};
			name = Debug;
		};
		A67DBE9B18E557AF00E71246 /* Release */ = {
			isa = XCBuildConfiguration;
			buildSettings = {
				ALWAYS_SEARCH_USER_PATHS = NO;
				CLANG_CXX_LANGUAGE_STANDARD = "gnu++0x";
				CLANG_CXX_LIBRARY = "libc++";
				CLANG_ENABLE_MODULES = YES;
				CLANG_ENABLE_OBJC_ARC = YES;
				CLANG_WARN_BOOL_CONVERSION = YES;
				CLANG_WARN_CONSTANT_CONVERSION = YES;
				CLANG_WARN_DIRECT_OBJC_ISA_USAGE = YES_ERROR;
				CLANG_WARN_EMPTY_BODY = YES;
				CLANG_WARN_ENUM_CONVERSION = YES;
				CLANG_WARN_INT_CONVERSION = YES;
				CLANG_WARN_OBJC_ROOT_CLASS = YES_ERROR;
				CLANG_WARN__DUPLICATE_METHOD_MATCH = YES;
				"CODE_SIGN_IDENTITY[sdk=iphoneos*]" = "iPhone Developer";
				COPY_PHASE_STRIP = YES;
				ENABLE_NS_ASSERTIONS = NO;
				GCC_C_LANGUAGE_STANDARD = gnu99;
				GCC_WARN_64_TO_32_BIT_CONVERSION = YES;
				GCC_WARN_ABOUT_RETURN_TYPE = YES_ERROR;
				GCC_WARN_UNDECLARED_SELECTOR = YES;
				GCC_WARN_UNINITIALIZED_AUTOS = YES_AGGRESSIVE;
				GCC_WARN_UNUSED_FUNCTION = YES;
				GCC_WARN_UNUSED_VARIABLE = YES;
				IPHONEOS_DEPLOYMENT_TARGET = 7.1;
				SDKROOT = iphoneos;
				VALIDATE_PRODUCT = YES;
			};
			name = Release;
		};
		A67DBE9D18E557AF00E71246 /* Debug */ = {
			isa = XCBuildConfiguration;
			buildSettings = {
				ASSETCATALOG_COMPILER_APPICON_NAME = AppIcon;
				ASSETCATALOG_COMPILER_LAUNCHIMAGE_NAME = LaunchImage;
				GCC_PRECOMPILE_PREFIX_HEADER = YES;
				GCC_PREFIX_HEADER = "Rapper/Rapper-Prefix.pch";
				INFOPLIST_FILE = "Rapper/Rapper-Info.plist";
				PRODUCT_NAME = "$(TARGET_NAME)";
				WRAPPER_EXTENSION = app;
			};
			name = Debug;
		};
		A67DBE9E18E557AF00E71246 /* Release */ = {
			isa = XCBuildConfiguration;
			buildSettings = {
				ASSETCATALOG_COMPILER_APPICON_NAME = AppIcon;
				ASSETCATALOG_COMPILER_LAUNCHIMAGE_NAME = LaunchImage;
				GCC_PRECOMPILE_PREFIX_HEADER = YES;
				GCC_PREFIX_HEADER = "Rapper/Rapper-Prefix.pch";
				INFOPLIST_FILE = "Rapper/Rapper-Info.plist";
				PRODUCT_NAME = "$(TARGET_NAME)";
				WRAPPER_EXTENSION = app;
			};
			name = Release;
		};
		A67DBEA018E557AF00E71246 /* Debug */ = {
			isa = XCBuildConfiguration;
			buildSettings = {
				BUNDLE_LOADER = "$(BUILT_PRODUCTS_DIR)/Rapper.app/Rapper";
				FRAMEWORK_SEARCH_PATHS = (
					"$(SDKROOT)/Developer/Library/Frameworks",
					"$(inherited)",
					"$(DEVELOPER_FRAMEWORKS_DIR)",
				);
				GCC_PRECOMPILE_PREFIX_HEADER = YES;
				GCC_PREFIX_HEADER = "Rapper/Rapper-Prefix.pch";
				GCC_PREPROCESSOR_DEFINITIONS = (
					"DEBUG=1",
					"$(inherited)",
				);
				INFOPLIST_FILE = "RapperTests/RapperTests-Info.plist";
				PRODUCT_NAME = "$(TARGET_NAME)";
				TEST_HOST = "$(BUNDLE_LOADER)";
				WRAPPER_EXTENSION = xctest;
			};
			name = Debug;
		};
		A67DBEA118E557AF00E71246 /* Release */ = {
			isa = XCBuildConfiguration;
			buildSettings = {
				BUNDLE_LOADER = "$(BUILT_PRODUCTS_DIR)/Rapper.app/Rapper";
				FRAMEWORK_SEARCH_PATHS = (
					"$(SDKROOT)/Developer/Library/Frameworks",
					"$(inherited)",
					"$(DEVELOPER_FRAMEWORKS_DIR)",
				);
				GCC_PRECOMPILE_PREFIX_HEADER = YES;
				GCC_PREFIX_HEADER = "Rapper/Rapper-Prefix.pch";
				INFOPLIST_FILE = "RapperTests/RapperTests-Info.plist";
				PRODUCT_NAME = "$(TARGET_NAME)";
				TEST_HOST = "$(BUNDLE_LOADER)";
				WRAPPER_EXTENSION = xctest;
			};
			name = Release;
		};
/* End XCBuildConfiguration section */

/* Begin XCConfigurationList section */
		A67DBE6518E557AF00E71246 /* Build configuration list for PBXProject "Rapper" */ = {
			isa = XCConfigurationList;
			buildConfigurations = (
				A67DBE9A18E557AF00E71246 /* Debug */,
				A67DBE9B18E557AF00E71246 /* Release */,
			);
			defaultConfigurationIsVisible = 0;
			defaultConfigurationName = Release;
		};
		A67DBE9C18E557AF00E71246 /* Build configuration list for PBXNativeTarget "Rapper" */ = {
			isa = XCConfigurationList;
			buildConfigurations = (
				A67DBE9D18E557AF00E71246 /* Debug */,
				A67DBE9E18E557AF00E71246 /* Release */,
			);
			defaultConfigurationIsVisible = 0;
			defaultConfigurationName = Release;
		};
		A67DBE9F18E557AF00E71246 /* Build configuration list for PBXNativeTarget "RapperTests" */ = {
			isa = XCConfigurationList;
			buildConfigurations = (
				A67DBEA018E557AF00E71246 /* Debug */,
				A67DBEA118E557AF00E71246 /* Release */,
			);
			defaultConfigurationIsVisible = 0;
			defaultConfigurationName = Release;
		};
/* End XCConfigurationList section */
	};
	rootObject = A67DBE6218E557AF00E71246 /* Project object */;
}
